
Microsoft Visual Studio Solution File, Format Version 12.00
# Visual Studio Version 16
VisualStudioVersion = 16.0.33423.256
MinimumVisualStudioVersion = 10.0.40219.1
Project("{FAE04EC0-301F-11D3-BF4B-00C04F79EFBC}") = "NinasCookieSource", "NinasCookieSource.csproj", "{AE10FB2A-DB02-47F2-9069-7693EC77EBE6}"
EndProject
Global
	GlobalSection(SolutionConfigurationPlatforms) = preSolution
		Debug|Any CPU = Debug|Any CPU
		Release|Any CPU = Release|Any CPU
	EndGlobalSection
	GlobalSection(ProjectConfigurationPlatforms) = postSolution
		{AE10FB2A-DB02-47F2-9069-7693EC77EBE6}.Debug|Any CPU.ActiveCfg = Debug|Any CPU
		{AE10FB2A-DB02-47F2-9069-7693EC77EBE6}.Debug|Any CPU.Build.0 = Debug|Any CPU
		{AE10FB2A-DB02-47F2-9069-7693EC77EBE6}.Release|Any CPU.ActiveCfg = Release|Any CPU
		{AE10FB2A-DB02-47F2-9069-7693EC77EBE6}.Release|Any CPU.Build.0 = Release|Any CPU
	EndGlobalSection
	GlobalSection(SolutionProperties) = preSolution
		HideSolutionNode = FALSE
	EndGlobalSection
	GlobalSection(ExtensibilityGlobals) = postSolution
		SolutionGuid = {B5375D8F-2F32-4FA6-AE75-BD4F823D8AFE}
	EndGlobalSection
EndGlobal
